// !$*UTF8*$!
{
	archiveVersion = 1;
	classes = {
	};
	objectVersion = 46;
	objects = {

/* Begin PBXBuildFile section */
		570357311F69780600811268 /* NetworkType.swift in Sources */ = {isa = PBXBuildFile; fileRef = 570357301F69780600811268 /* NetworkType.swift */; };
		570357371F697D5100811268 /* Method.swift in Sources */ = {isa = PBXBuildFile; fileRef = 570357361F697D5100811268 /* Method.swift */; };
		570357391F697DF400811268 /* ReadRequestsType.swift in Sources */ = {isa = PBXBuildFile; fileRef = 570357381F697DF400811268 /* ReadRequestsType.swift */; };
		5703573B1F6982E400811268 /* HTTPMethod.swift in Sources */ = {isa = PBXBuildFile; fileRef = 5703573A1F6982E400811268 /* HTTPMethod.swift */; };
		570357411F69982F00811268 /* ArticleViewModel.swift in Sources */ = {isa = PBXBuildFile; fileRef = 570357401F69982F00811268 /* ArticleViewModel.swift */; };
		570357431F69983A00811268 /* SearchViewModel.swift in Sources */ = {isa = PBXBuildFile; fileRef = 570357421F69983A00811268 /* SearchViewModel.swift */; };
		570357471F69D63E00811268 /* ListViewModelType.swift in Sources */ = {isa = PBXBuildFile; fileRef = 570357461F69D63E00811268 /* ListViewModelType.swift */; };
		572CF2561F647C3F00DA4F46 /* ListViewController.swift in Sources */ = {isa = PBXBuildFile; fileRef = 572CF2551F647C3F00DA4F46 /* ListViewController.swift */; };
		572CF25C1F647F6900DA4F46 /* StoreType.swift in Sources */ = {isa = PBXBuildFile; fileRef = 572CF25B1F647F6900DA4F46 /* StoreType.swift */; };
		572CF25E1F647FAF00DA4F46 /* ListPresenter.swift in Sources */ = {isa = PBXBuildFile; fileRef = 572CF25D1F647FAF00DA4F46 /* ListPresenter.swift */; };
		572CF2601F647FBF00DA4F46 /* ListInteractor.swift in Sources */ = {isa = PBXBuildFile; fileRef = 572CF25F1F647FBF00DA4F46 /* ListInteractor.swift */; };
		572CF2641F64806700DA4F46 /* HTTP.swift in Sources */ = {isa = PBXBuildFile; fileRef = 572CF2631F64806700DA4F46 /* HTTP.swift */; };
		572CF2661F64819700DA4F46 /* ListPresenterType.swift in Sources */ = {isa = PBXBuildFile; fileRef = 572CF2651F64819700DA4F46 /* ListPresenterType.swift */; };
		572CF2681F6481B200DA4F46 /* ListInteractorType.swift in Sources */ = {isa = PBXBuildFile; fileRef = 572CF2671F6481B200DA4F46 /* ListInteractorType.swift */; };
		572CF26C1F6484EE00DA4F46 /* ListFactory.swift in Sources */ = {isa = PBXBuildFile; fileRef = 572CF26B1F6484EE00DA4F46 /* ListFactory.swift */; };
		572CF26E1F64850F00DA4F46 /* FactoryType.swift in Sources */ = {isa = PBXBuildFile; fileRef = 572CF26D1F64850F00DA4F46 /* FactoryType.swift */; };
		572CF2701F6485FC00DA4F46 /* ViewControllerType.swift in Sources */ = {isa = PBXBuildFile; fileRef = 572CF26F1F6485FC00DA4F46 /* ViewControllerType.swift */; };
		572CF2721F64862F00DA4F46 /* ListViewControllerType.swift in Sources */ = {isa = PBXBuildFile; fileRef = 572CF2711F64862F00DA4F46 /* ListViewControllerType.swift */; };
		572CF2741F6486AD00DA4F46 /* ListFactoryType.swift in Sources */ = {isa = PBXBuildFile; fileRef = 572CF2731F6486AD00DA4F46 /* ListFactoryType.swift */; };
		572CF2771F6487C200DA4F46 /* SQLite.swift in Sources */ = {isa = PBXBuildFile; fileRef = 572CF2761F6487C200DA4F46 /* SQLite.swift */; };
		572CF2791F6487CB00DA4F46 /* Cache.swift in Sources */ = {isa = PBXBuildFile; fileRef = 572CF2781F6487CB00DA4F46 /* Cache.swift */; };
		572CF27B1F64889300DA4F46 /* Article.swift in Sources */ = {isa = PBXBuildFile; fileRef = 572CF27A1F64889300DA4F46 /* Article.swift */; };
		572CF27D1F6488B400DA4F46 /* Search.swift in Sources */ = {isa = PBXBuildFile; fileRef = 572CF27C1F6488B400DA4F46 /* Search.swift */; };
		572CF27F1F648A1100DA4F46 /* Listable.swift in Sources */ = {isa = PBXBuildFile; fileRef = 572CF27E1F648A1100DA4F46 /* Listable.swift */; };
		572CF28F1F64F6D400DA4F46 /* NavigationFactory.swift in Sources */ = {isa = PBXBuildFile; fileRef = 572CF28E1F64F6D400DA4F46 /* NavigationFactory.swift */; };
		572CF2931F64F72400DA4F46 /* TabBarFactory.swift in Sources */ = {isa = PBXBuildFile; fileRef = 572CF2921F64F72400DA4F46 /* TabBarFactory.swift */; };
		572CF2991F64FB3C00DA4F46 /* NavigationRouter.swift in Sources */ = {isa = PBXBuildFile; fileRef = 572CF2951F64FB3C00DA4F46 /* NavigationRouter.swift */; };
		572CF29A1F64FB3C00DA4F46 /* RouterType.swift in Sources */ = {isa = PBXBuildFile; fileRef = 572CF2961F64FB3C00DA4F46 /* RouterType.swift */; };
		572CF29B1F64FB3C00DA4F46 /* TabBarRouter.swift in Sources */ = {isa = PBXBuildFile; fileRef = 572CF2971F64FB3C00DA4F46 /* TabBarRouter.swift */; };
		572CF29C1F64FB3C00DA4F46 /* ViewRouter.swift in Sources */ = {isa = PBXBuildFile; fileRef = 572CF2981F64FB3C00DA4F46 /* ViewRouter.swift */; };
		572CF29F1F6509FD00DA4F46 /* AppDependencies.swift in Sources */ = {isa = PBXBuildFile; fileRef = 572CF29E1F6509FD00DA4F46 /* AppDependencies.swift */; };
		572CF2A31F650B8800DA4F46 /* AppConfiguration.swift in Sources */ = {isa = PBXBuildFile; fileRef = 572CF2A21F650B8800DA4F46 /* AppConfiguration.swift */; };
		572CF2A61F66291400DA4F46 /* RequestType.swift in Sources */ = {isa = PBXBuildFile; fileRef = 572CF2A51F66291400DA4F46 /* RequestType.swift */; };
		572CF2A81F66291F00DA4F46 /* RequestsType.swift in Sources */ = {isa = PBXBuildFile; fileRef = 572CF2A71F66291F00DA4F46 /* RequestsType.swift */; };
		572CF2AA1F66296500DA4F46 /* ArticleReadRequest.swift in Sources */ = {isa = PBXBuildFile; fileRef = 572CF2A91F66296500DA4F46 /* ArticleReadRequest.swift */; };
		572CF2AC1F66298000DA4F46 /* ArticleReadRequests.swift in Sources */ = {isa = PBXBuildFile; fileRef = 572CF2AB1F66298000DA4F46 /* ArticleReadRequests.swift */; };
		572CF2AE1F66298B00DA4F46 /* SearchReadRequest.swift in Sources */ = {isa = PBXBuildFile; fileRef = 572CF2AD1F66298B00DA4F46 /* SearchReadRequest.swift */; };
		572CF2B01F66299600DA4F46 /* SearchReadRequests.swift in Sources */ = {isa = PBXBuildFile; fileRef = 572CF2AF1F66299600DA4F46 /* SearchReadRequests.swift */; };
		572CF2B21F662A2300DA4F46 /* ResponseType.swift in Sources */ = {isa = PBXBuildFile; fileRef = 572CF2B11F662A2300DA4F46 /* ResponseType.swift */; };
		572CF2B41F662A3300DA4F46 /* ResponsesType.swift in Sources */ = {isa = PBXBuildFile; fileRef = 572CF2B31F662A3300DA4F46 /* ResponsesType.swift */; };
		572CF2B61F662A5E00DA4F46 /* ArticleReadResponse.swift in Sources */ = {isa = PBXBuildFile; fileRef = 572CF2B51F662A5E00DA4F46 /* ArticleReadResponse.swift */; };
		572CF2B81F662A7300DA4F46 /* ArticleReadResponses.swift in Sources */ = {isa = PBXBuildFile; fileRef = 572CF2B71F662A7300DA4F46 /* ArticleReadResponses.swift */; };
		572CF2BA1F662A9100DA4F46 /* SearchReadResponses.swift in Sources */ = {isa = PBXBuildFile; fileRef = 572CF2B91F662A9100DA4F46 /* SearchReadResponses.swift */; };
		572CF2BC1F662AA500DA4F46 /* SearchReadResponse.swift in Sources */ = {isa = PBXBuildFile; fileRef = 572CF2BB1F662AA500DA4F46 /* SearchReadResponse.swift */; };
		579BE1331F64700200965708 /* AppDelegate.swift in Sources */ = {isa = PBXBuildFile; fileRef = 579BE1321F64700200965708 /* AppDelegate.swift */; };
		579BE13A1F64700200965708 /* Assets.xcassets in Resources */ = {isa = PBXBuildFile; fileRef = 579BE1391F64700200965708 /* Assets.xcassets */; };
		579BE13D1F64700200965708 /* LaunchScreen.storyboard in Resources */ = {isa = PBXBuildFile; fileRef = 579BE13B1F64700200965708 /* LaunchScreen.storyboard */; };
		579BE1481F64700200965708 /* GrailedTests.swift in Sources */ = {isa = PBXBuildFile; fileRef = 579BE1471F64700200965708 /* GrailedTests.swift */; };
		579BE1531F64700200965708 /* GrailedUITests.swift in Sources */ = {isa = PBXBuildFile; fileRef = 579BE1521F64700200965708 /* GrailedUITests.swift */; };
		57CA3E2F1F6A179800526BF6 /* ReadType.swift in Sources */ = {isa = PBXBuildFile; fileRef = 57CA3E2E1F6A179800526BF6 /* ReadType.swift */; };
		57CA3E311F6A1EE100526BF6 /* ReadRequestType.swift in Sources */ = {isa = PBXBuildFile; fileRef = 57CA3E301F6A1EE100526BF6 /* ReadRequestType.swift */; };
/* End PBXBuildFile section */

/* Begin PBXContainerItemProxy section */
		579BE1441F64700200965708 /* PBXContainerItemProxy */ = {
			isa = PBXContainerItemProxy;
			containerPortal = 579BE1271F64700200965708 /* Project object */;
			proxyType = 1;
			remoteGlobalIDString = 579BE12E1F64700200965708;
			remoteInfo = Grailed;
		};
		579BE14F1F64700200965708 /* PBXContainerItemProxy */ = {
			isa = PBXContainerItemProxy;
			containerPortal = 579BE1271F64700200965708 /* Project object */;
			proxyType = 1;
			remoteGlobalIDString = 579BE12E1F64700200965708;
			remoteInfo = Grailed;
		};
/* End PBXContainerItemProxy section */

/* Begin PBXFileReference section */
		570357301F69780600811268 /* NetworkType.swift */ = {isa = PBXFileReference; fileEncoding = 4; lastKnownFileType = sourcecode.swift; path = NetworkType.swift; sourceTree = "<group>"; };
		570357361F697D5100811268 /* Method.swift */ = {isa = PBXFileReference; fileEncoding = 4; lastKnownFileType = sourcecode.swift; path = Method.swift; sourceTree = "<group>"; };
		570357381F697DF400811268 /* ReadRequestsType.swift */ = {isa = PBXFileReference; fileEncoding = 4; lastKnownFileType = sourcecode.swift; path = ReadRequestsType.swift; sourceTree = "<group>"; };
		5703573A1F6982E400811268 /* HTTPMethod.swift */ = {isa = PBXFileReference; fileEncoding = 4; lastKnownFileType = sourcecode.swift; path = HTTPMethod.swift; sourceTree = "<group>"; };
		570357401F69982F00811268 /* ArticleViewModel.swift */ = {isa = PBXFileReference; fileEncoding = 4; lastKnownFileType = sourcecode.swift; path = ArticleViewModel.swift; sourceTree = "<group>"; };
		570357421F69983A00811268 /* SearchViewModel.swift */ = {isa = PBXFileReference; fileEncoding = 4; lastKnownFileType = sourcecode.swift; path = SearchViewModel.swift; sourceTree = "<group>"; };
		570357461F69D63E00811268 /* ListViewModelType.swift */ = {isa = PBXFileReference; fileEncoding = 4; lastKnownFileType = sourcecode.swift; path = ListViewModelType.swift; sourceTree = "<group>"; };
		572CF2551F647C3F00DA4F46 /* ListViewController.swift */ = {isa = PBXFileReference; fileEncoding = 4; lastKnownFileType = sourcecode.swift; path = ListViewController.swift; sourceTree = "<group>"; };
		572CF25B1F647F6900DA4F46 /* StoreType.swift */ = {isa = PBXFileReference; fileEncoding = 4; lastKnownFileType = sourcecode.swift; path = StoreType.swift; sourceTree = "<group>"; };
		572CF25D1F647FAF00DA4F46 /* ListPresenter.swift */ = {isa = PBXFileReference; fileEncoding = 4; lastKnownFileType = sourcecode.swift; path = ListPresenter.swift; sourceTree = "<group>"; };
		572CF25F1F647FBF00DA4F46 /* ListInteractor.swift */ = {isa = PBXFileReference; fileEncoding = 4; lastKnownFileType = sourcecode.swift; path = ListInteractor.swift; sourceTree = "<group>"; };
		572CF2631F64806700DA4F46 /* HTTP.swift */ = {isa = PBXFileReference; fileEncoding = 4; lastKnownFileType = sourcecode.swift; path = HTTP.swift; sourceTree = "<group>"; };
		572CF2651F64819700DA4F46 /* ListPresenterType.swift */ = {isa = PBXFileReference; fileEncoding = 4; lastKnownFileType = sourcecode.swift; path = ListPresenterType.swift; sourceTree = "<group>"; };
		572CF2671F6481B200DA4F46 /* ListInteractorType.swift */ = {isa = PBXFileReference; fileEncoding = 4; lastKnownFileType = sourcecode.swift; path = ListInteractorType.swift; sourceTree = "<group>"; };
		572CF26B1F6484EE00DA4F46 /* ListFactory.swift */ = {isa = PBXFileReference; fileEncoding = 4; lastKnownFileType = sourcecode.swift; path = ListFactory.swift; sourceTree = "<group>"; };
		572CF26D1F64850F00DA4F46 /* FactoryType.swift */ = {isa = PBXFileReference; fileEncoding = 4; lastKnownFileType = sourcecode.swift; path = FactoryType.swift; sourceTree = "<group>"; };
		572CF26F1F6485FC00DA4F46 /* ViewControllerType.swift */ = {isa = PBXFileReference; fileEncoding = 4; lastKnownFileType = sourcecode.swift; path = ViewControllerType.swift; sourceTree = "<group>"; };
		572CF2711F64862F00DA4F46 /* ListViewControllerType.swift */ = {isa = PBXFileReference; fileEncoding = 4; lastKnownFileType = sourcecode.swift; path = ListViewControllerType.swift; sourceTree = "<group>"; };
		572CF2731F6486AD00DA4F46 /* ListFactoryType.swift */ = {isa = PBXFileReference; fileEncoding = 4; lastKnownFileType = sourcecode.swift; path = ListFactoryType.swift; sourceTree = "<group>"; };
		572CF2761F6487C200DA4F46 /* SQLite.swift */ = {isa = PBXFileReference; fileEncoding = 4; lastKnownFileType = sourcecode.swift; path = SQLite.swift; sourceTree = "<group>"; };
		572CF2781F6487CB00DA4F46 /* Cache.swift */ = {isa = PBXFileReference; fileEncoding = 4; lastKnownFileType = sourcecode.swift; path = Cache.swift; sourceTree = "<group>"; };
		572CF27A1F64889300DA4F46 /* Article.swift */ = {isa = PBXFileReference; fileEncoding = 4; lastKnownFileType = sourcecode.swift; path = Article.swift; sourceTree = "<group>"; };
		572CF27C1F6488B400DA4F46 /* Search.swift */ = {isa = PBXFileReference; fileEncoding = 4; lastKnownFileType = sourcecode.swift; path = Search.swift; sourceTree = "<group>"; };
		572CF27E1F648A1100DA4F46 /* Listable.swift */ = {isa = PBXFileReference; fileEncoding = 4; lastKnownFileType = sourcecode.swift; path = Listable.swift; sourceTree = "<group>"; };
		572CF28E1F64F6D400DA4F46 /* NavigationFactory.swift */ = {isa = PBXFileReference; fileEncoding = 4; lastKnownFileType = sourcecode.swift; path = NavigationFactory.swift; sourceTree = "<group>"; };
		572CF2921F64F72400DA4F46 /* TabBarFactory.swift */ = {isa = PBXFileReference; fileEncoding = 4; lastKnownFileType = sourcecode.swift; path = TabBarFactory.swift; sourceTree = "<group>"; };
		572CF2951F64FB3C00DA4F46 /* NavigationRouter.swift */ = {isa = PBXFileReference; fileEncoding = 4; lastKnownFileType = sourcecode.swift; path = NavigationRouter.swift; sourceTree = "<group>"; };
		572CF2961F64FB3C00DA4F46 /* RouterType.swift */ = {isa = PBXFileReference; fileEncoding = 4; lastKnownFileType = sourcecode.swift; path = RouterType.swift; sourceTree = "<group>"; };
		572CF2971F64FB3C00DA4F46 /* TabBarRouter.swift */ = {isa = PBXFileReference; fileEncoding = 4; lastKnownFileType = sourcecode.swift; path = TabBarRouter.swift; sourceTree = "<group>"; };
		572CF2981F64FB3C00DA4F46 /* ViewRouter.swift */ = {isa = PBXFileReference; fileEncoding = 4; lastKnownFileType = sourcecode.swift; path = ViewRouter.swift; sourceTree = "<group>"; };
		572CF29E1F6509FD00DA4F46 /* AppDependencies.swift */ = {isa = PBXFileReference; fileEncoding = 4; lastKnownFileType = sourcecode.swift; path = AppDependencies.swift; sourceTree = "<group>"; };
		572CF2A21F650B8800DA4F46 /* AppConfiguration.swift */ = {isa = PBXFileReference; fileEncoding = 4; lastKnownFileType = sourcecode.swift; path = AppConfiguration.swift; sourceTree = "<group>"; };
		572CF2A51F66291400DA4F46 /* RequestType.swift */ = {isa = PBXFileReference; fileEncoding = 4; lastKnownFileType = sourcecode.swift; path = RequestType.swift; sourceTree = "<group>"; };
		572CF2A71F66291F00DA4F46 /* RequestsType.swift */ = {isa = PBXFileReference; fileEncoding = 4; lastKnownFileType = sourcecode.swift; path = RequestsType.swift; sourceTree = "<group>"; };
		572CF2A91F66296500DA4F46 /* ArticleReadRequest.swift */ = {isa = PBXFileReference; fileEncoding = 4; lastKnownFileType = sourcecode.swift; path = ArticleReadRequest.swift; sourceTree = "<group>"; };
		572CF2AB1F66298000DA4F46 /* ArticleReadRequests.swift */ = {isa = PBXFileReference; fileEncoding = 4; lastKnownFileType = sourcecode.swift; path = ArticleReadRequests.swift; sourceTree = "<group>"; };
		572CF2AD1F66298B00DA4F46 /* SearchReadRequest.swift */ = {isa = PBXFileReference; fileEncoding = 4; lastKnownFileType = sourcecode.swift; path = SearchReadRequest.swift; sourceTree = "<group>"; };
		572CF2AF1F66299600DA4F46 /* SearchReadRequests.swift */ = {isa = PBXFileReference; fileEncoding = 4; lastKnownFileType = sourcecode.swift; path = SearchReadRequests.swift; sourceTree = "<group>"; };
		572CF2B11F662A2300DA4F46 /* ResponseType.swift */ = {isa = PBXFileReference; fileEncoding = 4; lastKnownFileType = sourcecode.swift; path = ResponseType.swift; sourceTree = "<group>"; };
		572CF2B31F662A3300DA4F46 /* ResponsesType.swift */ = {isa = PBXFileReference; fileEncoding = 4; lastKnownFileType = sourcecode.swift; path = ResponsesType.swift; sourceTree = "<group>"; };
		572CF2B51F662A5E00DA4F46 /* ArticleReadResponse.swift */ = {isa = PBXFileReference; fileEncoding = 4; lastKnownFileType = sourcecode.swift; path = ArticleReadResponse.swift; sourceTree = "<group>"; };
		572CF2B71F662A7300DA4F46 /* ArticleReadResponses.swift */ = {isa = PBXFileReference; fileEncoding = 4; lastKnownFileType = sourcecode.swift; path = ArticleReadResponses.swift; sourceTree = "<group>"; };
		572CF2B91F662A9100DA4F46 /* SearchReadResponses.swift */ = {isa = PBXFileReference; fileEncoding = 4; lastKnownFileType = sourcecode.swift; path = SearchReadResponses.swift; sourceTree = "<group>"; };
		572CF2BB1F662AA500DA4F46 /* SearchReadResponse.swift */ = {isa = PBXFileReference; fileEncoding = 4; lastKnownFileType = sourcecode.swift; path = SearchReadResponse.swift; sourceTree = "<group>"; };
		579BE12F1F64700200965708 /* Grailed.app */ = {isa = PBXFileReference; explicitFileType = wrapper.application; includeInIndex = 0; path = Grailed.app; sourceTree = BUILT_PRODUCTS_DIR; };
		579BE1321F64700200965708 /* AppDelegate.swift */ = {isa = PBXFileReference; lastKnownFileType = sourcecode.swift; path = AppDelegate.swift; sourceTree = "<group>"; };
		579BE1391F64700200965708 /* Assets.xcassets */ = {isa = PBXFileReference; lastKnownFileType = folder.assetcatalog; path = Assets.xcassets; sourceTree = "<group>"; };
		579BE13C1F64700200965708 /* Base */ = {isa = PBXFileReference; lastKnownFileType = file.storyboard; name = Base; path = Base.lproj/LaunchScreen.storyboard; sourceTree = "<group>"; };
		579BE13E1F64700200965708 /* Info.plist */ = {isa = PBXFileReference; lastKnownFileType = text.plist.xml; path = Info.plist; sourceTree = "<group>"; };
		579BE1431F64700200965708 /* GrailedTests.xctest */ = {isa = PBXFileReference; explicitFileType = wrapper.cfbundle; includeInIndex = 0; path = GrailedTests.xctest; sourceTree = BUILT_PRODUCTS_DIR; };
		579BE1471F64700200965708 /* GrailedTests.swift */ = {isa = PBXFileReference; lastKnownFileType = sourcecode.swift; path = GrailedTests.swift; sourceTree = "<group>"; };
		579BE1491F64700200965708 /* Info.plist */ = {isa = PBXFileReference; lastKnownFileType = text.plist.xml; path = Info.plist; sourceTree = "<group>"; };
		579BE14E1F64700200965708 /* GrailedUITests.xctest */ = {isa = PBXFileReference; explicitFileType = wrapper.cfbundle; includeInIndex = 0; path = GrailedUITests.xctest; sourceTree = BUILT_PRODUCTS_DIR; };
		579BE1521F64700200965708 /* GrailedUITests.swift */ = {isa = PBXFileReference; lastKnownFileType = sourcecode.swift; path = GrailedUITests.swift; sourceTree = "<group>"; };
		579BE1541F64700200965708 /* Info.plist */ = {isa = PBXFileReference; lastKnownFileType = text.plist.xml; path = Info.plist; sourceTree = "<group>"; };
		57CA3E2E1F6A179800526BF6 /* ReadType.swift */ = {isa = PBXFileReference; fileEncoding = 4; lastKnownFileType = sourcecode.swift; path = ReadType.swift; sourceTree = "<group>"; };
		57CA3E301F6A1EE100526BF6 /* ReadRequestType.swift */ = {isa = PBXFileReference; fileEncoding = 4; lastKnownFileType = sourcecode.swift; path = ReadRequestType.swift; sourceTree = "<group>"; };
/* End PBXFileReference section */

/* Begin PBXFrameworksBuildPhase section */
		579BE12C1F64700200965708 /* Frameworks */ = {
			isa = PBXFrameworksBuildPhase;
			buildActionMask = 2147483647;
			files = (
			);
			runOnlyForDeploymentPostprocessing = 0;
		};
		579BE1401F64700200965708 /* Frameworks */ = {
			isa = PBXFrameworksBuildPhase;
			buildActionMask = 2147483647;
			files = (
			);
			runOnlyForDeploymentPostprocessing = 0;
		};
		579BE14B1F64700200965708 /* Frameworks */ = {
			isa = PBXFrameworksBuildPhase;
			buildActionMask = 2147483647;
			files = (
			);
			runOnlyForDeploymentPostprocessing = 0;
		};
/* End PBXFrameworksBuildPhase section */

/* Begin PBXGroup section */
		572CF2451F64775D00DA4F46 /* Code */ = {
			isa = PBXGroup;
			children = (
				572CF2461F64775D00DA4F46 /* Common */,
				572CF2481F647BFD00DA4F46 /* Flows */,
				572CF29E1F6509FD00DA4F46 /* AppDependencies.swift */,
				572CF2A21F650B8800DA4F46 /* AppConfiguration.swift */,
			);
			path = Code;
			sourceTree = "<group>";
		};
		572CF2461F64775D00DA4F46 /* Common */ = {
			isa = PBXGroup;
			children = (
				572CF2A41F650D8F00DA4F46 /* Constraints */,
				572CF29D1F6508B100DA4F46 /* Promise */,
				572CF2941F64FB3C00DA4F46 /* Router */,
				572CF2571F647E5400DA4F46 /* Store */,
				572CF26D1F64850F00DA4F46 /* FactoryType.swift */,
				572CF26F1F6485FC00DA4F46 /* ViewControllerType.swift */,
				572CF27A1F64889300DA4F46 /* Article.swift */,
				572CF27C1F6488B400DA4F46 /* Search.swift */,
				572CF28E1F64F6D400DA4F46 /* NavigationFactory.swift */,
				572CF2921F64F72400DA4F46 /* TabBarFactory.swift */,
			);
			path = Common;
			sourceTree = "<group>";
		};
		572CF2481F647BFD00DA4F46 /* Flows */ = {
			isa = PBXGroup;
			children = (
				572CF2491F647BFD00DA4F46 /* List */,
			);
			path = Flows;
			sourceTree = "<group>";
		};
		572CF2491F647BFD00DA4F46 /* List */ = {
			isa = PBXGroup;
			children = (
				572CF24A1F647BFD00DA4F46 /* Application Logc */,
				572CF24E1F647BFD00DA4F46 /* Module Interface */,
				572CF24F1F647BFD00DA4F46 /* User Interface */,
			);
			path = List;
			sourceTree = "<group>";
		};
		572CF24A1F647BFD00DA4F46 /* Application Logc */ = {
			isa = PBXGroup;
			children = (
				572CF24B1F647BFD00DA4F46 /* Interactor */,
				572CF24D1F647BFD00DA4F46 /* Model */,
			);
			path = "Application Logc";
			sourceTree = "<group>";
		};
		572CF24B1F647BFD00DA4F46 /* Interactor */ = {
			isa = PBXGroup;
			children = (
				572CF25F1F647FBF00DA4F46 /* ListInteractor.swift */,
				572CF2671F6481B200DA4F46 /* ListInteractorType.swift */,
			);
			path = Interactor;
			sourceTree = "<group>";
		};
		572CF24D1F647BFD00DA4F46 /* Model */ = {
			isa = PBXGroup;
			children = (
				572CF27E1F648A1100DA4F46 /* Listable.swift */,
			);
			path = Model;
			sourceTree = "<group>";
		};
		572CF24E1F647BFD00DA4F46 /* Module Interface */ = {
			isa = PBXGroup;
			children = (
			);
			path = "Module Interface";
			sourceTree = "<group>";
		};
		572CF24F1F647BFD00DA4F46 /* User Interface */ = {
			isa = PBXGroup;
			children = (
				572CF2501F647BFD00DA4F46 /* Presenter */,
				572CF2511F647BFD00DA4F46 /* View */,
				572CF2521F647BFD00DA4F46 /* Wireframe */,
			);
			path = "User Interface";
			sourceTree = "<group>";
		};
		572CF2501F647BFD00DA4F46 /* Presenter */ = {
			isa = PBXGroup;
			children = (
				572CF25D1F647FAF00DA4F46 /* ListPresenter.swift */,
				572CF2651F64819700DA4F46 /* ListPresenterType.swift */,
				570357401F69982F00811268 /* ArticleViewModel.swift */,
				570357421F69983A00811268 /* SearchViewModel.swift */,
				570357461F69D63E00811268 /* ListViewModelType.swift */,
			);
			path = Presenter;
			sourceTree = "<group>";
		};
		572CF2511F647BFD00DA4F46 /* View */ = {
			isa = PBXGroup;
			children = (
				572CF2551F647C3F00DA4F46 /* ListViewController.swift */,
				572CF2711F64862F00DA4F46 /* ListViewControllerType.swift */,
			);
			path = View;
			sourceTree = "<group>";
		};
		572CF2521F647BFD00DA4F46 /* Wireframe */ = {
			isa = PBXGroup;
			children = (
				572CF26B1F6484EE00DA4F46 /* ListFactory.swift */,
				572CF2731F6486AD00DA4F46 /* ListFactoryType.swift */,
			);
			path = Wireframe;
			sourceTree = "<group>";
		};
		572CF2571F647E5400DA4F46 /* Store */ = {
			isa = PBXGroup;
			children = (
				572CF2581F647E5400DA4F46 /* Cache */,
				572CF2591F647E5400DA4F46 /* Network */,
				572CF2751F6487B300DA4F46 /* SQLite */,
				572CF25B1F647F6900DA4F46 /* StoreType.swift */,
				572CF2A51F66291400DA4F46 /* RequestType.swift */,
				572CF2A71F66291F00DA4F46 /* RequestsType.swift */,
				572CF2A91F66296500DA4F46 /* ArticleReadRequest.swift */,
				572CF2AB1F66298000DA4F46 /* ArticleReadRequests.swift */,
				572CF2AD1F66298B00DA4F46 /* SearchReadRequest.swift */,
				572CF2AF1F66299600DA4F46 /* SearchReadRequests.swift */,
				572CF2B11F662A2300DA4F46 /* ResponseType.swift */,
				572CF2B31F662A3300DA4F46 /* ResponsesType.swift */,
				572CF2B51F662A5E00DA4F46 /* ArticleReadResponse.swift */,
				572CF2B71F662A7300DA4F46 /* ArticleReadResponses.swift */,
				572CF2BB1F662AA500DA4F46 /* SearchReadResponse.swift */,
				572CF2B91F662A9100DA4F46 /* SearchReadResponses.swift */,
				570357381F697DF400811268 /* ReadRequestsType.swift */,
				57CA3E2E1F6A179800526BF6 /* ReadType.swift */,
				57CA3E301F6A1EE100526BF6 /* ReadRequestType.swift */,
			);
			path = Store;
			sourceTree = "<group>";
		};
		572CF2581F647E5400DA4F46 /* Cache */ = {
			isa = PBXGroup;
			children = (
				572CF2781F6487CB00DA4F46 /* Cache.swift */,
			);
			path = Cache;
			sourceTree = "<group>";
		};
		572CF2591F647E5400DA4F46 /* Network */ = {
			isa = PBXGroup;
			children = (
				572CF2631F64806700DA4F46 /* HTTP.swift */,
				570357301F69780600811268 /* NetworkType.swift */,
				570357361F697D5100811268 /* Method.swift */,
				5703573A1F6982E400811268 /* HTTPMethod.swift */,
			);
			path = Network;
			sourceTree = "<group>";
		};
		572CF2751F6487B300DA4F46 /* SQLite */ = {
			isa = PBXGroup;
			children = (
				572CF2761F6487C200DA4F46 /* SQLite.swift */,
			);
			path = SQLite;
			sourceTree = "<group>";
		};
		572CF2941F64FB3C00DA4F46 /* Router */ = {
			isa = PBXGroup;
			children = (
				572CF2951F64FB3C00DA4F46 /* NavigationRouter.swift */,
				572CF2961F64FB3C00DA4F46 /* RouterType.swift */,
				572CF2971F64FB3C00DA4F46 /* TabBarRouter.swift */,
				572CF2981F64FB3C00DA4F46 /* ViewRouter.swift */,
			);
			path = Router;
			sourceTree = "<group>";
		};
		572CF29D1F6508B100DA4F46 /* Promise */ = {
			isa = PBXGroup;
			children = (
			);
			path = Promise;
			sourceTree = "<group>";
		};
		572CF2A41F650D8F00DA4F46 /* Constraints */ = {
			isa = PBXGroup;
			children = (
			);
			path = Constraints;
			sourceTree = "<group>";
		};
		579BE1261F64700200965708 = {
			isa = PBXGroup;
			children = (
				579BE1311F64700200965708 /* Grailed */,
				579BE1461F64700200965708 /* GrailedTests */,
				579BE1511F64700200965708 /* GrailedUITests */,
				579BE1301F64700200965708 /* Products */,
			);
			sourceTree = "<group>";
		};
		579BE1301F64700200965708 /* Products */ = {
			isa = PBXGroup;
			children = (
				579BE12F1F64700200965708 /* Grailed.app */,
				579BE1431F64700200965708 /* GrailedTests.xctest */,
				579BE14E1F64700200965708 /* GrailedUITests.xctest */,
			);
			name = Products;
			sourceTree = "<group>";
		};
		579BE1311F64700200965708 /* Grailed */ = {
			isa = PBXGroup;
			children = (
				572CF2451F64775D00DA4F46 /* Code */,
				579BE1321F64700200965708 /* AppDelegate.swift */,
				579BE1391F64700200965708 /* Assets.xcassets */,
				579BE13B1F64700200965708 /* LaunchScreen.storyboard */,
				579BE13E1F64700200965708 /* Info.plist */,
			);
			path = Grailed;
			sourceTree = "<group>";
		};
		579BE1461F64700200965708 /* GrailedTests */ = {
			isa = PBXGroup;
			children = (
				579BE1471F64700200965708 /* GrailedTests.swift */,
				579BE1491F64700200965708 /* Info.plist */,
			);
			path = GrailedTests;
			sourceTree = "<group>";
		};
		579BE1511F64700200965708 /* GrailedUITests */ = {
			isa = PBXGroup;
			children = (
				579BE1521F64700200965708 /* GrailedUITests.swift */,
				579BE1541F64700200965708 /* Info.plist */,
			);
			path = GrailedUITests;
			sourceTree = "<group>";
		};
/* End PBXGroup section */

/* Begin PBXNativeTarget section */
		579BE12E1F64700200965708 /* Grailed */ = {
			isa = PBXNativeTarget;
			buildConfigurationList = 579BE1571F64700200965708 /* Build configuration list for PBXNativeTarget "Grailed" */;
			buildPhases = (
				579BE12B1F64700200965708 /* Sources */,
				579BE12C1F64700200965708 /* Frameworks */,
				579BE12D1F64700200965708 /* Resources */,
			);
			buildRules = (
			);
			dependencies = (
			);
			name = Grailed;
			productName = Grailed;
			productReference = 579BE12F1F64700200965708 /* Grailed.app */;
			productType = "com.apple.product-type.application";
		};
		579BE1421F64700200965708 /* GrailedTests */ = {
			isa = PBXNativeTarget;
			buildConfigurationList = 579BE15A1F64700200965708 /* Build configuration list for PBXNativeTarget "GrailedTests" */;
			buildPhases = (
				579BE13F1F64700200965708 /* Sources */,
				579BE1401F64700200965708 /* Frameworks */,
				579BE1411F64700200965708 /* Resources */,
			);
			buildRules = (
			);
			dependencies = (
				579BE1451F64700200965708 /* PBXTargetDependency */,
			);
			name = GrailedTests;
			productName = GrailedTests;
			productReference = 579BE1431F64700200965708 /* GrailedTests.xctest */;
			productType = "com.apple.product-type.bundle.unit-test";
		};
		579BE14D1F64700200965708 /* GrailedUITests */ = {
			isa = PBXNativeTarget;
			buildConfigurationList = 579BE15D1F64700200965708 /* Build configuration list for PBXNativeTarget "GrailedUITests" */;
			buildPhases = (
				579BE14A1F64700200965708 /* Sources */,
				579BE14B1F64700200965708 /* Frameworks */,
				579BE14C1F64700200965708 /* Resources */,
			);
			buildRules = (
			);
			dependencies = (
				579BE1501F64700200965708 /* PBXTargetDependency */,
			);
			name = GrailedUITests;
			productName = GrailedUITests;
			productReference = 579BE14E1F64700200965708 /* GrailedUITests.xctest */;
			productType = "com.apple.product-type.bundle.ui-testing";
		};
/* End PBXNativeTarget section */

/* Begin PBXProject section */
		579BE1271F64700200965708 /* Project object */ = {
			isa = PBXProject;
			attributes = {
				LastSwiftUpdateCheck = 0830;
				LastUpgradeCheck = 0830;
				ORGANIZATIONNAME = "Andrew Copp";
				TargetAttributes = {
					579BE12E1F64700200965708 = {
						CreatedOnToolsVersion = 8.3.3;
						DevelopmentTeam = QLNFD6F9QL;
						ProvisioningStyle = Automatic;
					};
					579BE1421F64700200965708 = {
						CreatedOnToolsVersion = 8.3.3;
						DevelopmentTeam = QLNFD6F9QL;
						ProvisioningStyle = Automatic;
						TestTargetID = 579BE12E1F64700200965708;
					};
					579BE14D1F64700200965708 = {
						CreatedOnToolsVersion = 8.3.3;
						DevelopmentTeam = QLNFD6F9QL;
						ProvisioningStyle = Automatic;
						TestTargetID = 579BE12E1F64700200965708;
					};
				};
			};
			buildConfigurationList = 579BE12A1F64700200965708 /* Build configuration list for PBXProject "Grailed" */;
			compatibilityVersion = "Xcode 3.2";
			developmentRegion = English;
			hasScannedForEncodings = 0;
			knownRegions = (
				en,
				Base,
			);
			mainGroup = 579BE1261F64700200965708;
			productRefGroup = 579BE1301F64700200965708 /* Products */;
			projectDirPath = "";
			projectRoot = "";
			targets = (
				579BE12E1F64700200965708 /* Grailed */,
				579BE1421F64700200965708 /* GrailedTests */,
				579BE14D1F64700200965708 /* GrailedUITests */,
			);
		};
/* End PBXProject section */

/* Begin PBXResourcesBuildPhase section */
		579BE12D1F64700200965708 /* Resources */ = {
			isa = PBXResourcesBuildPhase;
			buildActionMask = 2147483647;
			files = (
				579BE13D1F64700200965708 /* LaunchScreen.storyboard in Resources */,
				579BE13A1F64700200965708 /* Assets.xcassets in Resources */,
			);
			runOnlyForDeploymentPostprocessing = 0;
		};
		579BE1411F64700200965708 /* Resources */ = {
			isa = PBXResourcesBuildPhase;
			buildActionMask = 2147483647;
			files = (
			);
			runOnlyForDeploymentPostprocessing = 0;
		};
		579BE14C1F64700200965708 /* Resources */ = {
			isa = PBXResourcesBuildPhase;
			buildActionMask = 2147483647;
			files = (
			);
			runOnlyForDeploymentPostprocessing = 0;
		};
/* End PBXResourcesBuildPhase section */

/* Begin PBXSourcesBuildPhase section */
		579BE12B1F64700200965708 /* Sources */ = {
			isa = PBXSourcesBuildPhase;
			buildActionMask = 2147483647;
			files = (
				572CF2661F64819700DA4F46 /* ListPresenterType.swift in Sources */,
				572CF27F1F648A1100DA4F46 /* Listable.swift in Sources */,
				572CF2601F647FBF00DA4F46 /* ListInteractor.swift in Sources */,
				572CF29C1F64FB3C00DA4F46 /* ViewRouter.swift in Sources */,
				572CF2BC1F662AA500DA4F46 /* SearchReadResponse.swift in Sources */,
				572CF2931F64F72400DA4F46 /* TabBarFactory.swift in Sources */,
				570357391F697DF400811268 /* ReadRequestsType.swift in Sources */,
				572CF29B1F64FB3C00DA4F46 /* TabBarRouter.swift in Sources */,
				572CF29F1F6509FD00DA4F46 /* AppDependencies.swift in Sources */,
				572CF27B1F64889300DA4F46 /* Article.swift in Sources */,
				572CF2B61F662A5E00DA4F46 /* ArticleReadResponse.swift in Sources */,
				572CF26E1F64850F00DA4F46 /* FactoryType.swift in Sources */,
				572CF2A81F66291F00DA4F46 /* RequestsType.swift in Sources */,
				570357371F697D5100811268 /* Method.swift in Sources */,
				570357431F69983A00811268 /* SearchViewModel.swift in Sources */,
				570357311F69780600811268 /* NetworkType.swift in Sources */,
				572CF2681F6481B200DA4F46 /* ListInteractorType.swift in Sources */,
				572CF2791F6487CB00DA4F46 /* Cache.swift in Sources */,
				572CF2721F64862F00DA4F46 /* ListViewControllerType.swift in Sources */,
				570357471F69D63E00811268 /* ListViewModelType.swift in Sources */,
				572CF2AE1F66298B00DA4F46 /* SearchReadRequest.swift in Sources */,
				572CF26C1F6484EE00DA4F46 /* ListFactory.swift in Sources */,
				572CF28F1F64F6D400DA4F46 /* NavigationFactory.swift in Sources */,
				572CF2AA1F66296500DA4F46 /* ArticleReadRequest.swift in Sources */,
				572CF2AC1F66298000DA4F46 /* ArticleReadRequests.swift in Sources */,
				572CF2561F647C3F00DA4F46 /* ListViewController.swift in Sources */,
				572CF2B81F662A7300DA4F46 /* ArticleReadResponses.swift in Sources */,
				57CA3E2F1F6A179800526BF6 /* ReadType.swift in Sources */,
				572CF2BA1F662A9100DA4F46 /* SearchReadResponses.swift in Sources */,
				579BE1331F64700200965708 /* AppDelegate.swift in Sources */,
				572CF29A1F64FB3C00DA4F46 /* RouterType.swift in Sources */,
				572CF2771F6487C200DA4F46 /* SQLite.swift in Sources */,
				572CF27D1F6488B400DA4F46 /* Search.swift in Sources */,
				572CF25E1F647FAF00DA4F46 /* ListPresenter.swift in Sources */,
				572CF2741F6486AD00DA4F46 /* ListFactoryType.swift in Sources */,
				570357411F69982F00811268 /* ArticleViewModel.swift in Sources */,
				572CF2B41F662A3300DA4F46 /* ResponsesType.swift in Sources */,
				572CF2641F64806700DA4F46 /* HTTP.swift in Sources */,
				572CF25C1F647F6900DA4F46 /* StoreType.swift in Sources */,
				5703573B1F6982E400811268 /* HTTPMethod.swift in Sources */,
				572CF2701F6485FC00DA4F46 /* ViewControllerType.swift in Sources */,
				572CF2A61F66291400DA4F46 /* RequestType.swift in Sources */,
				572CF2B01F66299600DA4F46 /* SearchReadRequests.swift in Sources */,
				572CF2A31F650B8800DA4F46 /* AppConfiguration.swift in Sources */,
				572CF2991F64FB3C00DA4F46 /* NavigationRouter.swift in Sources */,
				572CF2B21F662A2300DA4F46 /* ResponseType.swift in Sources */,
				57CA3E311F6A1EE100526BF6 /* ReadRequestType.swift in Sources */,
			);
			runOnlyForDeploymentPostprocessing = 0;
		};
		579BE13F1F64700200965708 /* Sources */ = {
			isa = PBXSourcesBuildPhase;
			buildActionMask = 2147483647;
			files = (
				579BE1481F64700200965708 /* GrailedTests.swift in Sources */,
			);
			runOnlyForDeploymentPostprocessing = 0;
		};
		579BE14A1F64700200965708 /* Sources */ = {
			isa = PBXSourcesBuildPhase;
			buildActionMask = 2147483647;
			files = (
				579BE1531F64700200965708 /* GrailedUITests.swift in Sources */,
			);
			runOnlyForDeploymentPostprocessing = 0;
		};
/* End PBXSourcesBuildPhase section */

/* Begin PBXTargetDependency section */
		579BE1451F64700200965708 /* PBXTargetDependency */ = {
			isa = PBXTargetDependency;
			target = 579BE12E1F64700200965708 /* Grailed */;
			targetProxy = 579BE1441F64700200965708 /* PBXContainerItemProxy */;
		};
		579BE1501F64700200965708 /* PBXTargetDependency */ = {
			isa = PBXTargetDependency;
			target = 579BE12E1F64700200965708 /* Grailed */;
			targetProxy = 579BE14F1F64700200965708 /* PBXContainerItemProxy */;
		};
/* End PBXTargetDependency section */

/* Begin PBXVariantGroup section */
		579BE13B1F64700200965708 /* LaunchScreen.storyboard */ = {
			isa = PBXVariantGroup;
			children = (
				579BE13C1F64700200965708 /* Base */,
			);
			name = LaunchScreen.storyboard;
			sourceTree = "<group>";
		};
/* End PBXVariantGroup section */

/* Begin XCBuildConfiguration section */
		579BE1551F64700200965708 /* Debug */ = {
			isa = XCBuildConfiguration;
			buildSettings = {
				ALWAYS_SEARCH_USER_PATHS = NO;
				CLANG_ANALYZER_NONNULL = YES;
				CLANG_ANALYZER_NUMBER_OBJECT_CONVERSION = YES_AGGRESSIVE;
				CLANG_CXX_LANGUAGE_STANDARD = "gnu++0x";
				CLANG_CXX_LIBRARY = "libc++";
				CLANG_ENABLE_MODULES = YES;
				CLANG_ENABLE_OBJC_ARC = YES;
				CLANG_WARN_BOOL_CONVERSION = YES;
				CLANG_WARN_CONSTANT_CONVERSION = YES;
				CLANG_WARN_DIRECT_OBJC_ISA_USAGE = YES_ERROR;
				CLANG_WARN_DOCUMENTATION_COMMENTS = YES;
				CLANG_WARN_EMPTY_BODY = YES;
				CLANG_WARN_ENUM_CONVERSION = YES;
				CLANG_WARN_INFINITE_RECURSION = YES;
				CLANG_WARN_INT_CONVERSION = YES;
				CLANG_WARN_OBJC_ROOT_CLASS = YES_ERROR;
				CLANG_WARN_SUSPICIOUS_MOVE = YES;
				CLANG_WARN_UNREACHABLE_CODE = YES;
				CLANG_WARN__DUPLICATE_METHOD_MATCH = YES;
				"CODE_SIGN_IDENTITY[sdk=iphoneos*]" = "iPhone Developer";
				COPY_PHASE_STRIP = NO;
				DEBUG_INFORMATION_FORMAT = dwarf;
				ENABLE_STRICT_OBJC_MSGSEND = YES;
				ENABLE_TESTABILITY = YES;
				GCC_C_LANGUAGE_STANDARD = gnu99;
				GCC_DYNAMIC_NO_PIC = NO;
				GCC_NO_COMMON_BLOCKS = YES;
				GCC_OPTIMIZATION_LEVEL = 0;
				GCC_PREPROCESSOR_DEFINITIONS = (
					"DEBUG=1",
					"$(inherited)",
				);
				GCC_WARN_64_TO_32_BIT_CONVERSION = YES;
				GCC_WARN_ABOUT_RETURN_TYPE = YES_ERROR;
				GCC_WARN_UNDECLARED_SELECTOR = YES;
				GCC_WARN_UNINITIALIZED_AUTOS = YES_AGGRESSIVE;
				GCC_WARN_UNUSED_FUNCTION = YES;
				GCC_WARN_UNUSED_VARIABLE = YES;
				IPHONEOS_DEPLOYMENT_TARGET = 10.3;
				MTL_ENABLE_DEBUG_INFO = YES;
				ONLY_ACTIVE_ARCH = YES;
				SDKROOT = iphoneos;
				SWIFT_ACTIVE_COMPILATION_CONDITIONS = DEBUG;
				SWIFT_OPTIMIZATION_LEVEL = "-Onone";
				TARGETED_DEVICE_FAMILY = "1,2";
			};
			name = Debug;
		};
		579BE1561F64700200965708 /* Release */ = {
			isa = XCBuildConfiguration;
			buildSettings = {
				ALWAYS_SEARCH_USER_PATHS = NO;
				CLANG_ANALYZER_NONNULL = YES;
				CLANG_ANALYZER_NUMBER_OBJECT_CONVERSION = YES_AGGRESSIVE;
				CLANG_CXX_LANGUAGE_STANDARD = "gnu++0x";
				CLANG_CXX_LIBRARY = "libc++";
				CLANG_ENABLE_MODULES = YES;
				CLANG_ENABLE_OBJC_ARC = YES;
				CLANG_WARN_BOOL_CONVERSION = YES;
				CLANG_WARN_CONSTANT_CONVERSION = YES;
				CLANG_WARN_DIRECT_OBJC_ISA_USAGE = YES_ERROR;
				CLANG_WARN_DOCUMENTATION_COMMENTS = YES;
				CLANG_WARN_EMPTY_BODY = YES;
				CLANG_WARN_ENUM_CONVERSION = YES;
				CLANG_WARN_INFINITE_RECURSION = YES;
				CLANG_WARN_INT_CONVERSION = YES;
				CLANG_WARN_OBJC_ROOT_CLASS = YES_ERROR;
				CLANG_WARN_SUSPICIOUS_MOVE = YES;
				CLANG_WARN_UNREACHABLE_CODE = YES;
				CLANG_WARN__DUPLICATE_METHOD_MATCH = YES;
				"CODE_SIGN_IDENTITY[sdk=iphoneos*]" = "iPhone Developer";
				COPY_PHASE_STRIP = NO;
				DEBUG_INFORMATION_FORMAT = "dwarf-with-dsym";
				ENABLE_NS_ASSERTIONS = NO;
				ENABLE_STRICT_OBJC_MSGSEND = YES;
				GCC_C_LANGUAGE_STANDARD = gnu99;
				GCC_NO_COMMON_BLOCKS = YES;
				GCC_WARN_64_TO_32_BIT_CONVERSION = YES;
				GCC_WARN_ABOUT_RETURN_TYPE = YES_ERROR;
				GCC_WARN_UNDECLARED_SELECTOR = YES;
				GCC_WARN_UNINITIALIZED_AUTOS = YES_AGGRESSIVE;
				GCC_WARN_UNUSED_FUNCTION = YES;
				GCC_WARN_UNUSED_VARIABLE = YES;
				IPHONEOS_DEPLOYMENT_TARGET = 10.3;
				MTL_ENABLE_DEBUG_INFO = NO;
				SDKROOT = iphoneos;
				SWIFT_OPTIMIZATION_LEVEL = "-Owholemodule";
				TARGETED_DEVICE_FAMILY = "1,2";
				VALIDATE_PRODUCT = YES;
			};
			name = Release;
		};
		579BE1581F64700200965708 /* Debug */ = {
			isa = XCBuildConfiguration;
			buildSettings = {
				ASSETCATALOG_COMPILER_APPICON_NAME = AppIcon;
				DEVELOPMENT_TEAM = QLNFD6F9QL;
				INFOPLIST_FILE = Grailed/Info.plist;
				LD_RUNPATH_SEARCH_PATHS = "$(inherited) @executable_path/Frameworks";
				PRODUCT_BUNDLE_IDENTIFIER = com.andrewcopp.Grailed;
				PRODUCT_NAME = "$(TARGET_NAME)";
				SWIFT_VERSION = 3.0;
			};
			name = Debug;
		};
		579BE1591F64700200965708 /* Release */ = {
			isa = XCBuildConfiguration;
			buildSettings = {
				ASSETCATALOG_COMPILER_APPICON_NAME = AppIcon;
				DEVELOPMENT_TEAM = QLNFD6F9QL;
				INFOPLIST_FILE = Grailed/Info.plist;
				LD_RUNPATH_SEARCH_PATHS = "$(inherited) @executable_path/Frameworks";
				PRODUCT_BUNDLE_IDENTIFIER = com.andrewcopp.Grailed;
				PRODUCT_NAME = "$(TARGET_NAME)";
				SWIFT_VERSION = 3.0;
			};
			name = Release;
		};
		579BE15B1F64700200965708 /* Debug */ = {
			isa = XCBuildConfiguration;
			buildSettings = {
				ALWAYS_EMBED_SWIFT_STANDARD_LIBRARIES = YES;
				BUNDLE_LOADER = "$(TEST_HOST)";
				DEVELOPMENT_TEAM = QLNFD6F9QL;
				INFOPLIST_FILE = GrailedTests/Info.plist;
				LD_RUNPATH_SEARCH_PATHS = "$(inherited) @executable_path/Frameworks @loader_path/Frameworks";
				PRODUCT_BUNDLE_IDENTIFIER = com.andrewcopp.GrailedTests;
				PRODUCT_NAME = "$(TARGET_NAME)";
				SWIFT_VERSION = 3.0;
				TEST_HOST = "$(BUILT_PRODUCTS_DIR)/Grailed.app/Grailed";
			};
			name = Debug;
		};
		579BE15C1F64700200965708 /* Release */ = {
			isa = XCBuildConfiguration;
			buildSettings = {
				ALWAYS_EMBED_SWIFT_STANDARD_LIBRARIES = YES;
				BUNDLE_LOADER = "$(TEST_HOST)";
				DEVELOPMENT_TEAM = QLNFD6F9QL;
				INFOPLIST_FILE = GrailedTests/Info.plist;
				LD_RUNPATH_SEARCH_PATHS = "$(inherited) @executable_path/Frameworks @loader_path/Frameworks";
				PRODUCT_BUNDLE_IDENTIFIER = com.andrewcopp.GrailedTests;
				PRODUCT_NAME = "$(TARGET_NAME)";
				SWIFT_VERSION = 3.0;
				TEST_HOST = "$(BUILT_PRODUCTS_DIR)/Grailed.app/Grailed";
			};
			name = Release;
		};
		579BE15E1F64700200965708 /* Debug */ = {
			isa = XCBuildConfiguration;
			buildSettings = {
				ALWAYS_EMBED_SWIFT_STANDARD_LIBRARIES = YES;
				DEVELOPMENT_TEAM = QLNFD6F9QL;
				INFOPLIST_FILE = GrailedUITests/Info.plist;
				LD_RUNPATH_SEARCH_PATHS = "$(inherited) @executable_path/Frameworks @loader_path/Frameworks";
				PRODUCT_BUNDLE_IDENTIFIER = com.andrewcopp.GrailedUITests;
				PRODUCT_NAME = "$(TARGET_NAME)";
				SWIFT_VERSION = 3.0;
				TEST_TARGET_NAME = Grailed;
			};
			name = Debug;
		};
		579BE15F1F64700200965708 /* Release */ = {
			isa = XCBuildConfiguration;
			buildSettings = {
				ALWAYS_EMBED_SWIFT_STANDARD_LIBRARIES = YES;
				DEVELOPMENT_TEAM = QLNFD6F9QL;
				INFOPLIST_FILE = GrailedUITests/Info.plist;
				LD_RUNPATH_SEARCH_PATHS = "$(inherited) @executable_path/Frameworks @loader_path/Frameworks";
				PRODUCT_BUNDLE_IDENTIFIER = com.andrewcopp.GrailedUITests;
				PRODUCT_NAME = "$(TARGET_NAME)";
				SWIFT_VERSION = 3.0;
				TEST_TARGET_NAME = Grailed;
			};
			name = Release;
		};
/* End XCBuildConfiguration section */

/* Begin XCConfigurationList section */
		579BE12A1F64700200965708 /* Build configuration list for PBXProject "Grailed" */ = {
			isa = XCConfigurationList;
			buildConfigurations = (
				579BE1551F64700200965708 /* Debug */,
				579BE1561F64700200965708 /* Release */,
			);
			defaultConfigurationIsVisible = 0;
			defaultConfigurationName = Release;
		};
		579BE1571F64700200965708 /* Build configuration list for PBXNativeTarget "Grailed" */ = {
			isa = XCConfigurationList;
			buildConfigurations = (
				579BE1581F64700200965708 /* Debug */,
				579BE1591F64700200965708 /* Release */,
			);
			defaultConfigurationIsVisible = 0;
			defaultConfigurationName = Release;
		};
		579BE15A1F64700200965708 /* Build configuration list for PBXNativeTarget "GrailedTests" */ = {
			isa = XCConfigurationList;
			buildConfigurations = (
				579BE15B1F64700200965708 /* Debug */,
				579BE15C1F64700200965708 /* Release */,
			);
			defaultConfigurationIsVisible = 0;
			defaultConfigurationName = Release;
		};
		579BE15D1F64700200965708 /* Build configuration list for PBXNativeTarget "GrailedUITests" */ = {
			isa = XCConfigurationList;
			buildConfigurations = (
				579BE15E1F64700200965708 /* Debug */,
				579BE15F1F64700200965708 /* Release */,
			);
			defaultConfigurationIsVisible = 0;
			defaultConfigurationName = Release;
		};
/* End XCConfigurationList section */
	};
	rootObject = 579BE1271F64700200965708 /* Project object */;
}
