// !$*UTF8*$!
{
	archiveVersion = 1;
	classes = {
	};
	objectVersion = 46;
	objects = {

/* Begin PBXBuildFile section */
		570CFA031F6EE623006E2500 /* Navigation.framework in Frameworks */ = {isa = PBXBuildFile; fileRef = 570CF9F91F6EE623006E2500 /* Navigation.framework */; };
		570CFA081F6EE623006E2500 /* NavigationTests.swift in Sources */ = {isa = PBXBuildFile; fileRef = 570CFA071F6EE623006E2500 /* NavigationTests.swift */; };
		570CFA0A1F6EE623006E2500 /* Navigation.h in Headers */ = {isa = PBXBuildFile; fileRef = 570CF9FC1F6EE623006E2500 /* Navigation.h */; settings = {ATTRIBUTES = (Public, ); }; };
		570CFA4C1F6EE7E6006E2500 /* NavigationFactory.swift in Sources */ = {isa = PBXBuildFile; fileRef = 570CFA4A1F6EE7E6006E2500 /* NavigationFactory.swift */; };
		570CFA4D1F6EE7E6006E2500 /* NavigationRouter.swift in Sources */ = {isa = PBXBuildFile; fileRef = 570CFA4B1F6EE7E6006E2500 /* NavigationRouter.swift */; };
		570CFA511F6EE819006E2500 /* FactoryType.framework in Frameworks */ = {isa = PBXBuildFile; fileRef = 570CFA4F1F6EE819006E2500 /* FactoryType.framework */; };
		570CFA521F6EE819006E2500 /* RouterType.framework in Frameworks */ = {isa = PBXBuildFile; fileRef = 570CFA501F6EE819006E2500 /* RouterType.framework */; };
/* End PBXBuildFile section */

/* Begin PBXContainerItemProxy section */
		570CFA041F6EE623006E2500 /* PBXContainerItemProxy */ = {
			isa = PBXContainerItemProxy;
			containerPortal = 570CF9F01F6EE623006E2500 /* Project object */;
			proxyType = 1;
			remoteGlobalIDString = 570CF9F81F6EE623006E2500;
			remoteInfo = Navigation;
		};
/* End PBXContainerItemProxy section */

/* Begin PBXFileReference section */
		570CF9F91F6EE623006E2500 /* Navigation.framework */ = {isa = PBXFileReference; explicitFileType = wrapper.framework; includeInIndex = 0; path = Navigation.framework; sourceTree = BUILT_PRODUCTS_DIR; };
		570CF9FC1F6EE623006E2500 /* Navigation.h */ = {isa = PBXFileReference; lastKnownFileType = sourcecode.c.h; path = Navigation.h; sourceTree = "<group>"; };
		570CF9FD1F6EE623006E2500 /* Info.plist */ = {isa = PBXFileReference; lastKnownFileType = text.plist.xml; path = Info.plist; sourceTree = "<group>"; };
		570CFA021F6EE623006E2500 /* NavigationTests.xctest */ = {isa = PBXFileReference; explicitFileType = wrapper.cfbundle; includeInIndex = 0; path = NavigationTests.xctest; sourceTree = BUILT_PRODUCTS_DIR; };
		570CFA071F6EE623006E2500 /* NavigationTests.swift */ = {isa = PBXFileReference; lastKnownFileType = sourcecode.swift; path = NavigationTests.swift; sourceTree = "<group>"; };
		570CFA091F6EE623006E2500 /* Info.plist */ = {isa = PBXFileReference; lastKnownFileType = text.plist.xml; path = Info.plist; sourceTree = "<group>"; };
		570CFA4A1F6EE7E6006E2500 /* NavigationFactory.swift */ = {isa = PBXFileReference; fileEncoding = 4; lastKnownFileType = sourcecode.swift; path = NavigationFactory.swift; sourceTree = "<group>"; };
		570CFA4B1F6EE7E6006E2500 /* NavigationRouter.swift */ = {isa = PBXFileReference; fileEncoding = 4; lastKnownFileType = sourcecode.swift; path = NavigationRouter.swift; sourceTree = "<group>"; };
		570CFA4F1F6EE819006E2500 /* FactoryType.framework */ = {isa = PBXFileReference; lastKnownFileType = wrapper.framework; name = FactoryType.framework; path = "../FactoryType/build/Debug-iphoneos/FactoryType.framework"; sourceTree = "<group>"; };
		570CFA501F6EE819006E2500 /* RouterType.framework */ = {isa = PBXFileReference; lastKnownFileType = wrapper.framework; name = RouterType.framework; path = "../RouterType/build/Debug-iphoneos/RouterType.framework"; sourceTree = "<group>"; };
/* End PBXFileReference section */

/* Begin PBXFrameworksBuildPhase section */
		570CF9F51F6EE623006E2500 /* Frameworks */ = {
			isa = PBXFrameworksBuildPhase;
			buildActionMask = 2147483647;
			files = (
				570CFA511F6EE819006E2500 /* FactoryType.framework in Frameworks */,
				570CFA521F6EE819006E2500 /* RouterType.framework in Frameworks */,
			);
			runOnlyForDeploymentPostprocessing = 0;
		};
		570CF9FF1F6EE623006E2500 /* Frameworks */ = {
			isa = PBXFrameworksBuildPhase;
			buildActionMask = 2147483647;
			files = (
				570CFA031F6EE623006E2500 /* Navigation.framework in Frameworks */,
			);
			runOnlyForDeploymentPostprocessing = 0;
		};
/* End PBXFrameworksBuildPhase section */

/* Begin PBXGroup section */
		570CF9EF1F6EE623006E2500 = {
			isa = PBXGroup;
			children = (
				570CF9FB1F6EE623006E2500 /* Navigation */,
				570CFA061F6EE623006E2500 /* NavigationTests */,
				570CF9FA1F6EE623006E2500 /* Products */,
				570CFA4E1F6EE819006E2500 /* Frameworks */,
			);
			sourceTree = "<group>";
		};
		570CF9FA1F6EE623006E2500 /* Products */ = {
			isa = PBXGroup;
			children = (
				570CF9F91F6EE623006E2500 /* Navigation.framework */,
				570CFA021F6EE623006E2500 /* NavigationTests.xctest */,
			);
			name = Products;
			sourceTree = "<group>";
		};
		570CF9FB1F6EE623006E2500 /* Navigation */ = {
			isa = PBXGroup;
			children = (
				570CFA491F6EE7E6006E2500 /* Code */,
				570CF9FC1F6EE623006E2500 /* Navigation.h */,
				570CF9FD1F6EE623006E2500 /* Info.plist */,
			);
			path = Navigation;
			sourceTree = "<group>";
		};
		570CFA061F6EE623006E2500 /* NavigationTests */ = {
			isa = PBXGroup;
			children = (
				570CFA071F6EE623006E2500 /* NavigationTests.swift */,
				570CFA091F6EE623006E2500 /* Info.plist */,
			);
			path = NavigationTests;
			sourceTree = "<group>";
		};
		570CFA491F6EE7E6006E2500 /* Code */ = {
			isa = PBXGroup;
			children = (
				570CFA4A1F6EE7E6006E2500 /* NavigationFactory.swift */,
				570CFA4B1F6EE7E6006E2500 /* NavigationRouter.swift */,
			);
			path = Code;
			sourceTree = "<group>";
		};
		570CFA4E1F6EE819006E2500 /* Frameworks */ = {
			isa = PBXGroup;
			children = (
				570CFA4F1F6EE819006E2500 /* FactoryType.framework */,
				570CFA501F6EE819006E2500 /* RouterType.framework */,
			);
			name = Frameworks;
			sourceTree = "<group>";
		};
/* End PBXGroup section */

/* Begin PBXHeadersBuildPhase section */
		570CF9F61F6EE623006E2500 /* Headers */ = {
			isa = PBXHeadersBuildPhase;
			buildActionMask = 2147483647;
			files = (
				570CFA0A1F6EE623006E2500 /* Navigation.h in Headers */,
			);
			runOnlyForDeploymentPostprocessing = 0;
		};
/* End PBXHeadersBuildPhase section */

/* Begin PBXNativeTarget section */
		570CF9F81F6EE623006E2500 /* Navigation */ = {
			isa = PBXNativeTarget;
			buildConfigurationList = 570CFA0D1F6EE623006E2500 /* Build configuration list for PBXNativeTarget "Navigation" */;
			buildPhases = (
				570CF9F41F6EE623006E2500 /* Sources */,
				570CF9F51F6EE623006E2500 /* Frameworks */,
				570CF9F61F6EE623006E2500 /* Headers */,
				570CF9F71F6EE623006E2500 /* Resources */,
			);
			buildRules = (
			);
			dependencies = (
			);
			name = Navigation;
			productName = Navigation;
			productReference = 570CF9F91F6EE623006E2500 /* Navigation.framework */;
			productType = "com.apple.product-type.framework";
		};
		570CFA011F6EE623006E2500 /* NavigationTests */ = {
			isa = PBXNativeTarget;
			buildConfigurationList = 570CFA101F6EE623006E2500 /* Build configuration list for PBXNativeTarget "NavigationTests" */;
			buildPhases = (
				570CF9FE1F6EE623006E2500 /* Sources */,
				570CF9FF1F6EE623006E2500 /* Frameworks */,
				570CFA001F6EE623006E2500 /* Resources */,
			);
			buildRules = (
			);
			dependencies = (
				570CFA051F6EE623006E2500 /* PBXTargetDependency */,
			);
			name = NavigationTests;
			productName = NavigationTests;
			productReference = 570CFA021F6EE623006E2500 /* NavigationTests.xctest */;
			productType = "com.apple.product-type.bundle.unit-test";
		};
/* End PBXNativeTarget section */

/* Begin PBXProject section */
		570CF9F01F6EE623006E2500 /* Project object */ = {
			isa = PBXProject;
			attributes = {
				LastSwiftUpdateCheck = 0830;
				LastUpgradeCheck = 0830;
				ORGANIZATIONNAME = "Andrew Copp";
				TargetAttributes = {
					570CF9F81F6EE623006E2500 = {
						CreatedOnToolsVersion = 8.3.3;
						DevelopmentTeam = QLNFD6F9QL;
						ProvisioningStyle = Automatic;
					};
					570CFA011F6EE623006E2500 = {
						CreatedOnToolsVersion = 8.3.3;
						DevelopmentTeam = QLNFD6F9QL;
						ProvisioningStyle = Automatic;
					};
				};
			};
			buildConfigurationList = 570CF9F31F6EE623006E2500 /* Build configuration list for PBXProject "Navigation" */;
			compatibilityVersion = "Xcode 3.2";
			developmentRegion = English;
			hasScannedForEncodings = 0;
			knownRegions = (
				en,
			);
			mainGroup = 570CF9EF1F6EE623006E2500;
			productRefGroup = 570CF9FA1F6EE623006E2500 /* Products */;
			projectDirPath = "";
			projectRoot = "";
			targets = (
				570CF9F81F6EE623006E2500 /* Navigation */,
				570CFA011F6EE623006E2500 /* NavigationTests */,
			);
		};
/* End PBXProject section */

/* Begin PBXResourcesBuildPhase section */
		570CF9F71F6EE623006E2500 /* Resources */ = {
			isa = PBXResourcesBuildPhase;
			buildActionMask = 2147483647;
			files = (
			);
			runOnlyForDeploymentPostprocessing = 0;
		};
		570CFA001F6EE623006E2500 /* Resources */ = {
			isa = PBXResourcesBuildPhase;
			buildActionMask = 2147483647;
			files = (
			);
			runOnlyForDeploymentPostprocessing = 0;
		};
/* End PBXResourcesBuildPhase section */

/* Begin PBXSourcesBuildPhase section */
		570CF9F41F6EE623006E2500 /* Sources */ = {
			isa = PBXSourcesBuildPhase;
			buildActionMask = 2147483647;
			files = (
				570CFA4D1F6EE7E6006E2500 /* NavigationRouter.swift in Sources */,
				570CFA4C1F6EE7E6006E2500 /* NavigationFactory.swift in Sources */,
			);
			runOnlyForDeploymentPostprocessing = 0;
		};
		570CF9FE1F6EE623006E2500 /* Sources */ = {
			isa = PBXSourcesBuildPhase;
			buildActionMask = 2147483647;
			files = (
				570CFA081F6EE623006E2500 /* NavigationTests.swift in Sources */,
			);
			runOnlyForDeploymentPostprocessing = 0;
		};
/* End PBXSourcesBuildPhase section */

/* Begin PBXTargetDependency section */
		570CFA051F6EE623006E2500 /* PBXTargetDependency */ = {
			isa = PBXTargetDependency;
			target = 570CF9F81F6EE623006E2500 /* Navigation */;
			targetProxy = 570CFA041F6EE623006E2500 /* PBXContainerItemProxy */;
		};
/* End PBXTargetDependency section */

/* Begin XCBuildConfiguration section */
		570CFA0B1F6EE623006E2500 /* Debug */ = {
			isa = XCBuildConfiguration;
			buildSettings = {
				ALWAYS_SEARCH_USER_PATHS = NO;
				CLANG_ANALYZER_NONNULL = YES;
				CLANG_ANALYZER_NUMBER_OBJECT_CONVERSION = YES_AGGRESSIVE;
				CLANG_CXX_LANGUAGE_STANDARD = "gnu++0x";
				CLANG_CXX_LIBRARY = "libc++";
				CLANG_ENABLE_MODULES = YES;
				CLANG_ENABLE_OBJC_ARC = YES;
				CLANG_WARN_BOOL_CONVERSION = YES;
				CLANG_WARN_CONSTANT_CONVERSION = YES;
				CLANG_WARN_DIRECT_OBJC_ISA_USAGE = YES_ERROR;
				CLANG_WARN_DOCUMENTATION_COMMENTS = YES;
				CLANG_WARN_EMPTY_BODY = YES;
				CLANG_WARN_ENUM_CONVERSION = YES;
				CLANG_WARN_INFINITE_RECURSION = YES;
				CLANG_WARN_INT_CONVERSION = YES;
				CLANG_WARN_OBJC_ROOT_CLASS = YES_ERROR;
				CLANG_WARN_SUSPICIOUS_MOVE = YES;
				CLANG_WARN_UNREACHABLE_CODE = YES;
				CLANG_WARN__DUPLICATE_METHOD_MATCH = YES;
				"CODE_SIGN_IDENTITY[sdk=iphoneos*]" = "iPhone Developer";
				COPY_PHASE_STRIP = NO;
				CURRENT_PROJECT_VERSION = 1;
				DEBUG_INFORMATION_FORMAT = dwarf;
				ENABLE_STRICT_OBJC_MSGSEND = YES;
				ENABLE_TESTABILITY = YES;
				GCC_C_LANGUAGE_STANDARD = gnu99;
				GCC_DYNAMIC_NO_PIC = NO;
				GCC_NO_COMMON_BLOCKS = YES;
				GCC_OPTIMIZATION_LEVEL = 0;
				GCC_PREPROCESSOR_DEFINITIONS = (
					"DEBUG=1",
					"$(inherited)",
				);
				GCC_WARN_64_TO_32_BIT_CONVERSION = YES;
				GCC_WARN_ABOUT_RETURN_TYPE = YES_ERROR;
				GCC_WARN_UNDECLARED_SELECTOR = YES;
				GCC_WARN_UNINITIALIZED_AUTOS = YES_AGGRESSIVE;
				GCC_WARN_UNUSED_FUNCTION = YES;
				GCC_WARN_UNUSED_VARIABLE = YES;
				IPHONEOS_DEPLOYMENT_TARGET = 10.3;
				MTL_ENABLE_DEBUG_INFO = YES;
				ONLY_ACTIVE_ARCH = YES;
				SDKROOT = iphoneos;
				SWIFT_ACTIVE_COMPILATION_CONDITIONS = DEBUG;
				SWIFT_OPTIMIZATION_LEVEL = "-Onone";
				TARGETED_DEVICE_FAMILY = "1,2";
				VERSIONING_SYSTEM = "apple-generic";
				VERSION_INFO_PREFIX = "";
			};
			name = Debug;
		};
		570CFA0C1F6EE623006E2500 /* Release */ = {
			isa = XCBuildConfiguration;
			buildSettings = {
				ALWAYS_SEARCH_USER_PATHS = NO;
				CLANG_ANALYZER_NONNULL = YES;
				CLANG_ANALYZER_NUMBER_OBJECT_CONVERSION = YES_AGGRESSIVE;
				CLANG_CXX_LANGUAGE_STANDARD = "gnu++0x";
				CLANG_CXX_LIBRARY = "libc++";
				CLANG_ENABLE_MODULES = YES;
				CLANG_ENABLE_OBJC_ARC = YES;
				CLANG_WARN_BOOL_CONVERSION = YES;
				CLANG_WARN_CONSTANT_CONVERSION = YES;
				CLANG_WARN_DIRECT_OBJC_ISA_USAGE = YES_ERROR;
				CLANG_WARN_DOCUMENTATION_COMMENTS = YES;
				CLANG_WARN_EMPTY_BODY = YES;
				CLANG_WARN_ENUM_CONVERSION = YES;
				CLANG_WARN_INFINITE_RECURSION = YES;
				CLANG_WARN_INT_CONVERSION = YES;
				CLANG_WARN_OBJC_ROOT_CLASS = YES_ERROR;
				CLANG_WARN_SUSPICIOUS_MOVE = YES;
				CLANG_WARN_UNREACHABLE_CODE = YES;
				CLANG_WARN__DUPLICATE_METHOD_MATCH = YES;
				"CODE_SIGN_IDENTITY[sdk=iphoneos*]" = "iPhone Developer";
				COPY_PHASE_STRIP = NO;
				CURRENT_PROJECT_VERSION = 1;
				DEBUG_INFORMATION_FORMAT = "dwarf-with-dsym";
				ENABLE_NS_ASSERTIONS = NO;
				ENABLE_STRICT_OBJC_MSGSEND = YES;
				GCC_C_LANGUAGE_STANDARD = gnu99;
				GCC_NO_COMMON_BLOCKS = YES;
				GCC_WARN_64_TO_32_BIT_CONVERSION = YES;
				GCC_WARN_ABOUT_RETURN_TYPE = YES_ERROR;
				GCC_WARN_UNDECLARED_SELECTOR = YES;
				GCC_WARN_UNINITIALIZED_AUTOS = YES_AGGRESSIVE;
				GCC_WARN_UNUSED_FUNCTION = YES;
				GCC_WARN_UNUSED_VARIABLE = YES;
				IPHONEOS_DEPLOYMENT_TARGET = 10.3;
				MTL_ENABLE_DEBUG_INFO = NO;
				SDKROOT = iphoneos;
				SWIFT_OPTIMIZATION_LEVEL = "-Owholemodule";
				TARGETED_DEVICE_FAMILY = "1,2";
				VALIDATE_PRODUCT = YES;
				VERSIONING_SYSTEM = "apple-generic";
				VERSION_INFO_PREFIX = "";
			};
			name = Release;
		};
		570CFA0E1F6EE623006E2500 /* Debug */ = {
			isa = XCBuildConfiguration;
			buildSettings = {
				CODE_SIGN_IDENTITY = "";
				DEFINES_MODULE = YES;
				DEVELOPMENT_TEAM = QLNFD6F9QL;
				DYLIB_COMPATIBILITY_VERSION = 1;
				DYLIB_CURRENT_VERSION = 1;
				DYLIB_INSTALL_NAME_BASE = "@rpath";
				INFOPLIST_FILE = Navigation/Info.plist;
				INSTALL_PATH = "$(LOCAL_LIBRARY_DIR)/Frameworks";
				LD_RUNPATH_SEARCH_PATHS = "$(inherited) @executable_path/Frameworks @loader_path/Frameworks";
				PRODUCT_BUNDLE_IDENTIFIER = com.andrewcopp.Navigation;
				PRODUCT_NAME = "$(TARGET_NAME)";
				SKIP_INSTALL = YES;
				SWIFT_VERSION = 3.0;
			};
			name = Debug;
		};
		570CFA0F1F6EE623006E2500 /* Release */ = {
			isa = XCBuildConfiguration;
			buildSettings = {
				CODE_SIGN_IDENTITY = "";
				DEFINES_MODULE = YES;
				DEVELOPMENT_TEAM = QLNFD6F9QL;
				DYLIB_COMPATIBILITY_VERSION = 1;
				DYLIB_CURRENT_VERSION = 1;
				DYLIB_INSTALL_NAME_BASE = "@rpath";
				INFOPLIST_FILE = Navigation/Info.plist;
				INSTALL_PATH = "$(LOCAL_LIBRARY_DIR)/Frameworks";
				LD_RUNPATH_SEARCH_PATHS = "$(inherited) @executable_path/Frameworks @loader_path/Frameworks";
				PRODUCT_BUNDLE_IDENTIFIER = com.andrewcopp.Navigation;
				PRODUCT_NAME = "$(TARGET_NAME)";
				SKIP_INSTALL = YES;
				SWIFT_VERSION = 3.0;
			};
			name = Release;
		};
		570CFA111F6EE623006E2500 /* Debug */ = {
			isa = XCBuildConfiguration;
			buildSettings = {
				ALWAYS_EMBED_SWIFT_STANDARD_LIBRARIES = YES;
				DEVELOPMENT_TEAM = QLNFD6F9QL;
				INFOPLIST_FILE = NavigationTests/Info.plist;
				LD_RUNPATH_SEARCH_PATHS = "$(inherited) @executable_path/Frameworks @loader_path/Frameworks";
				PRODUCT_BUNDLE_IDENTIFIER = com.andrewcopp.NavigationTests;
				PRODUCT_NAME = "$(TARGET_NAME)";
				SWIFT_VERSION = 3.0;
			};
			name = Debug;
		};
		570CFA121F6EE623006E2500 /* Release */ = {
			isa = XCBuildConfiguration;
			buildSettings = {
				ALWAYS_EMBED_SWIFT_STANDARD_LIBRARIES = YES;
				DEVELOPMENT_TEAM = QLNFD6F9QL;
				INFOPLIST_FILE = NavigationTests/Info.plist;
				LD_RUNPATH_SEARCH_PATHS = "$(inherited) @executable_path/Frameworks @loader_path/Frameworks";
				PRODUCT_BUNDLE_IDENTIFIER = com.andrewcopp.NavigationTests;
				PRODUCT_NAME = "$(TARGET_NAME)";
				SWIFT_VERSION = 3.0;
			};
			name = Release;
		};
/* End XCBuildConfiguration section */

/* Begin XCConfigurationList section */
		570CF9F31F6EE623006E2500 /* Build configuration list for PBXProject "Navigation" */ = {
			isa = XCConfigurationList;
			buildConfigurations = (
				570CFA0B1F6EE623006E2500 /* Debug */,
				570CFA0C1F6EE623006E2500 /* Release */,
			);
			defaultConfigurationIsVisible = 0;
			defaultConfigurationName = Release;
		};
		570CFA0D1F6EE623006E2500 /* Build configuration list for PBXNativeTarget "Navigation" */ = {
			isa = XCConfigurationList;
			buildConfigurations = (
				570CFA0E1F6EE623006E2500 /* Debug */,
				570CFA0F1F6EE623006E2500 /* Release */,
			);
			defaultConfigurationIsVisible = 0;
		};
		570CFA101F6EE623006E2500 /* Build configuration list for PBXNativeTarget "NavigationTests" */ = {
			isa = XCConfigurationList;
			buildConfigurations = (
				570CFA111F6EE623006E2500 /* Debug */,
				570CFA121F6EE623006E2500 /* Release */,
			);
			defaultConfigurationIsVisible = 0;
		};
/* End XCConfigurationList section */
	};
	rootObject = 570CF9F01F6EE623006E2500 /* Project object */;
}
